
Microsoft Visual Studio Solution File, Format Version 12.00
# Visual Studio Version 16
VisualStudioVersion = 16.0.31321.278
MinimumVisualStudioVersion = 10.0.40219.1
Project("{FAE04EC0-301F-11D3-BF4B-00C04F79EFBC}") = "dotNET.MURAT.GRANET", "dotNET.MURAT.GRANET.csproj", "{3D28E907-278C-47C9-9760-41BD36298C53}"
EndProject
Project("{FAE04EC0-301F-11D3-BF4B-00C04F79EFBC}") = "TestUnitaire", "..\TestUnitaire\TestUnitaire.csproj", "{282953C9-E485-4923-B655-0C162DDA658A}"
EndProject
Project("{FAE04EC0-301F-11D3-BF4B-00C04F79EFBC}") = "Bibliotheque", "..\Bibliotheque\Bibliotheque.csproj", "{D547E824-58D0-46FF-AEC7-8EDB7EBCDB36}"
EndProject
Project("{FAE04EC0-301F-11D3-BF4B-00C04F79EFBC}") = "BusinessLogicLayer", "..\BusinessLogicLayer\BusinessLogicLayer.csproj", "{3C34C079-A162-44D3-AF25-8AC8AF8CF5B5}"
EndProject
Project("{FAE04EC0-301F-11D3-BF4B-00C04F79EFBC}") = "WPFJalon2", "..\WPFJalon2\WPFJalon2.csproj", "{ADA4BC48-013B-4E34-872F-8C19F6544311}"
EndProject
Project("{FAE04EC0-301F-11D3-BF4B-00C04F79EFBC}") = "ASPJalon3", "ASPJalon3\ASPJalon3.csproj", "{A9D909A0-9E05-42BD-8566-B03DCA3826F8}"
EndProject
Global
	GlobalSection(SolutionConfigurationPlatforms) = preSolution
		Debug|Any CPU = Debug|Any CPU
		Release|Any CPU = Release|Any CPU
	EndGlobalSection
	GlobalSection(ProjectConfigurationPlatforms) = postSolution
		{3D28E907-278C-47C9-9760-41BD36298C53}.Debug|Any CPU.ActiveCfg = Debug|Any CPU
		{3D28E907-278C-47C9-9760-41BD36298C53}.Debug|Any CPU.Build.0 = Debug|Any CPU
		{3D28E907-278C-47C9-9760-41BD36298C53}.Release|Any CPU.ActiveCfg = Release|Any CPU
		{3D28E907-278C-47C9-9760-41BD36298C53}.Release|Any CPU.Build.0 = Release|Any CPU
		{282953C9-E485-4923-B655-0C162DDA658A}.Debug|Any CPU.ActiveCfg = Debug|Any CPU
		{282953C9-E485-4923-B655-0C162DDA658A}.Debug|Any CPU.Build.0 = Debug|Any CPU
		{282953C9-E485-4923-B655-0C162DDA658A}.Release|Any CPU.ActiveCfg = Release|Any CPU
		{282953C9-E485-4923-B655-0C162DDA658A}.Release|Any CPU.Build.0 = Release|Any CPU
		{D547E824-58D0-46FF-AEC7-8EDB7EBCDB36}.Debug|Any CPU.ActiveCfg = Debug|Any CPU
		{D547E824-58D0-46FF-AEC7-8EDB7EBCDB36}.Debug|Any CPU.Build.0 = Debug|Any CPU
		{D547E824-58D0-46FF-AEC7-8EDB7EBCDB36}.Release|Any CPU.ActiveCfg = Release|Any CPU
		{D547E824-58D0-46FF-AEC7-8EDB7EBCDB36}.Release|Any CPU.Build.0 = Release|Any CPU
		{3C34C079-A162-44D3-AF25-8AC8AF8CF5B5}.Debug|Any CPU.ActiveCfg = Debug|Any CPU
		{3C34C079-A162-44D3-AF25-8AC8AF8CF5B5}.Debug|Any CPU.Build.0 = Debug|Any CPU
		{3C34C079-A162-44D3-AF25-8AC8AF8CF5B5}.Release|Any CPU.ActiveCfg = Release|Any CPU
		{3C34C079-A162-44D3-AF25-8AC8AF8CF5B5}.Release|Any CPU.Build.0 = Release|Any CPU
		{ADA4BC48-013B-4E34-872F-8C19F6544311}.Debug|Any CPU.ActiveCfg = Debug|Any CPU
		{ADA4BC48-013B-4E34-872F-8C19F6544311}.Debug|Any CPU.Build.0 = Debug|Any CPU
		{ADA4BC48-013B-4E34-872F-8C19F6544311}.Release|Any CPU.ActiveCfg = Release|Any CPU
		{ADA4BC48-013B-4E34-872F-8C19F6544311}.Release|Any CPU.Build.0 = Release|Any CPU
		{A9D909A0-9E05-42BD-8566-B03DCA3826F8}.Debug|Any CPU.ActiveCfg = Debug|Any CPU
		{A9D909A0-9E05-42BD-8566-B03DCA3826F8}.Debug|Any CPU.Build.0 = Debug|Any CPU
		{A9D909A0-9E05-42BD-8566-B03DCA3826F8}.Release|Any CPU.ActiveCfg = Release|Any CPU
		{A9D909A0-9E05-42BD-8566-B03DCA3826F8}.Release|Any CPU.Build.0 = Release|Any CPU
	EndGlobalSection
	GlobalSection(SolutionProperties) = preSolution
		HideSolutionNode = FALSE
	EndGlobalSection
	GlobalSection(ExtensibilityGlobals) = postSolution
		SolutionGuid = {D3DCFBE0-CB9D-4B3A-8C5A-F4E8D0085894}
	EndGlobalSection
EndGlobal
